
Microsoft Visual Studio Solution File, Format Version 12.00
# Visual Studio 2013
VisualStudioVersion = 12.0.21005.1
MinimumVisualStudioVersion = 10.0.40219.1
Project("{8BC9CEB8-8B4A-11D0-8D11-00A0C91BC942}") = "P5709 【深基2.习6】Apples Prologue", "P5709 【深基2.习6】Apples Prologue\P5709 【深基2.习6】Apples Prologue.vcxproj", "{17EA9CB6-2C24-4CB2-B5BA-480D7E518924}"
EndProject
Global
	GlobalSection(SolutionConfigurationPlatforms) = preSolution
		Debug|Win32 = Debug|Win32
		Release|Win32 = Release|Win32
	EndGlobalSection
	GlobalSection(ProjectConfigurationPlatforms) = postSolution
		{17EA9CB6-2C24-4CB2-B5BA-480D7E518924}.Debug|Win32.ActiveCfg = Debug|Win32
		{17EA9CB6-2C24-4CB2-B5BA-480D7E518924}.Debug|Win32.Build.0 = Debug|Win32
		{17EA9CB6-2C24-4CB2-B5BA-480D7E518924}.Release|Win32.ActiveCfg = Release|Win32
		{17EA9CB6-2C24-4CB2-B5BA-480D7E518924}.Release|Win32.Build.0 = Release|Win32
	EndGlobalSection
	GlobalSection(SolutionProperties) = preSolution
		HideSolutionNode = FALSE
	EndGlobalSection
EndGlobal
